// !$*UTF8*$!
{
	archiveVersion = 1;
	classes = {
	};
	objectVersion = 55;
	objects = {

/* Begin PBXBuildFile section */
		4B1B00612744FB7600D03BF2 /* DateExtension.swift in Sources */ = {isa = PBXBuildFile; fileRef = 4B1B00602744FB7600D03BF2 /* DateExtension.swift */; };
		4B1B00632746310300D03BF2 /* Database.swift in Sources */ = {isa = PBXBuildFile; fileRef = 4B1B00622746310300D03BF2 /* Database.swift */; };
		4B1B00672747CF6C00D03BF2 /* AddPublicationViewController.swift in Sources */ = {isa = PBXBuildFile; fileRef = 4B1B00662747CF6C00D03BF2 /* AddPublicationViewController.swift */; };
		4B36CDC0271DAC1C0091D229 /* CollectionViewCell.swift in Sources */ = {isa = PBXBuildFile; fileRef = 4B36CDBE271DAC1C0091D229 /* CollectionViewCell.swift */; };
		4B36CDC1271DAC1C0091D229 /* CollectionViewCell.xib in Resources */ = {isa = PBXBuildFile; fileRef = 4B36CDBF271DAC1C0091D229 /* CollectionViewCell.xib */; };
		4B36CDC3271EC3D10091D229 /* PublicationAPIController.swift in Sources */ = {isa = PBXBuildFile; fileRef = 4B36CDC2271EC3D10091D229 /* PublicationAPIController.swift */; };
		4B36CDC8271EEB830091D229 /* PublicationTableViewCell.swift in Sources */ = {isa = PBXBuildFile; fileRef = 4B36CDC6271EEB830091D229 /* PublicationTableViewCell.swift */; };
		4B36CDC9271EEB830091D229 /* PublicationTableViewCell.xib in Resources */ = {isa = PBXBuildFile; fileRef = 4B36CDC7271EEB830091D229 /* PublicationTableViewCell.xib */; };
		4B4210E127157C4700D5E809 /* AppDelegate.swift in Sources */ = {isa = PBXBuildFile; fileRef = 4B4210E027157C4700D5E809 /* AppDelegate.swift */; };
		4B4210E327157C4700D5E809 /* SceneDelegate.swift in Sources */ = {isa = PBXBuildFile; fileRef = 4B4210E227157C4700D5E809 /* SceneDelegate.swift */; };
		4B4210E527157C4700D5E809 /* AuthFormViewController.swift in Sources */ = {isa = PBXBuildFile; fileRef = 4B4210E427157C4700D5E809 /* AuthFormViewController.swift */; };
		4B4210E827157C4700D5E809 /* Main.storyboard in Resources */ = {isa = PBXBuildFile; fileRef = 4B4210E627157C4700D5E809 /* Main.storyboard */; };
		4B4210EA27157C4900D5E809 /* Assets.xcassets in Resources */ = {isa = PBXBuildFile; fileRef = 4B4210E927157C4900D5E809 /* Assets.xcassets */; };
		4B4210ED27157C4900D5E809 /* LaunchScreen.storyboard in Resources */ = {isa = PBXBuildFile; fileRef = 4B4210EB27157C4900D5E809 /* LaunchScreen.storyboard */; };
		4B4210F52715953B00D5E809 /* RegistrationFormViewController.swift in Sources */ = {isa = PBXBuildFile; fileRef = 4B4210F42715953B00D5E809 /* RegistrationFormViewController.swift */; };
		4B4210F72715A9D500D5E809 /* APIController.swift in Sources */ = {isa = PBXBuildFile; fileRef = 4B4210F62715A9D500D5E809 /* APIController.swift */; };
		4B4210F92715C59F00D5E809 /* VerificationFormViewController.swift in Sources */ = {isa = PBXBuildFile; fileRef = 4B4210F82715C59F00D5E809 /* VerificationFormViewController.swift */; };
		4B5510D0274B9D3800DE47BF /* CreatePublicationViewController.swift in Sources */ = {isa = PBXBuildFile; fileRef = 4B5510CF274B9D3800DE47BF /* CreatePublicationViewController.swift */; };
		4B55111E274BCE7000DE47BF /* ImageAndDescriptionTableViewCell.swift in Sources */ = {isa = PBXBuildFile; fileRef = 4B55111C274BCE7000DE47BF /* ImageAndDescriptionTableViewCell.swift */; };
		4B55111F274BCE7000DE47BF /* ImageAndDescriptionTableViewCell.xib in Resources */ = {isa = PBXBuildFile; fileRef = 4B55111D274BCE7000DE47BF /* ImageAndDescriptionTableViewCell.xib */; };
		4B551121274CC3F400DE47BF /* ImageResizer.swift in Sources */ = {isa = PBXBuildFile; fileRef = 4B551120274CC3F400DE47BF /* ImageResizer.swift */; };
		4B55CE962743EE78007152B3 /* ProfileSettingsViewController.swift in Sources */ = {isa = PBXBuildFile; fileRef = 4B55CE952743EE78007152B3 /* ProfileSettingsViewController.swift */; };
		4B6F32312726CAC6008A8838 /* Localizable.strings in Resources */ = {isa = PBXBuildFile; fileRef = 4B6F32302726CAC6008A8838 /* Localizable.strings */; };
		4B6F32332726CC09008A8838 /* ErrorData.swift in Sources */ = {isa = PBXBuildFile; fileRef = 4B6F32322726CC09008A8838 /* ErrorData.swift */; };
		4B6F32362727DE6F008A8838 /* CountryViewController.swift in Sources */ = {isa = PBXBuildFile; fileRef = 4B6F32352727DE6F008A8838 /* CountryViewController.swift */; };
		4B6F32392727EFEA008A8838 /* CountriesData.swift in Sources */ = {isa = PBXBuildFile; fileRef = 4B6F32382727EFEA008A8838 /* CountriesData.swift */; };
		4B6F3266272835A1008A8838 /* UserPublication.swift in Sources */ = {isa = PBXBuildFile; fileRef = 4B6F3263272835A0008A8838 /* UserPublication.swift */; };
		4B6F3267272835A1008A8838 /* PublicationCategories.swift in Sources */ = {isa = PBXBuildFile; fileRef = 4B6F3264272835A1008A8838 /* PublicationCategories.swift */; };
		4B6F3268272835A1008A8838 /* PublicationType.swift in Sources */ = {isa = PBXBuildFile; fileRef = 4B6F3261272835A0008A8838 /* PublicationType.swift */; };
		4B6F3269272835A1008A8838 /* User.swift in Sources */ = {isa = PBXBuildFile; fileRef = 4B6F3262272835A0008A8838 /* User.swift */; };
		4B6F326A272835A1008A8838 /* Publication.swift in Sources */ = {isa = PBXBuildFile; fileRef = 4B6F3265272835A1008A8838 /* Publication.swift */; };
		4B9113F32716B24800841927 /* UserData.swift in Sources */ = {isa = PBXBuildFile; fileRef = 4B9113F22716B24700841927 /* UserData.swift */; };
		4B9113F52717086F00841927 /* MainGlobeTabBarController.swift in Sources */ = {isa = PBXBuildFile; fileRef = 4B9113F42717086F00841927 /* MainGlobeTabBarController.swift */; };
		4B9113F72717153B00841927 /* MapViewController.swift in Sources */ = {isa = PBXBuildFile; fileRef = 4B9113F62717153B00841927 /* MapViewController.swift */; };
		4B9113F92717157500841927 /* UserProfileViewController.swift in Sources */ = {isa = PBXBuildFile; fileRef = 4B9113F82717157500841927 /* UserProfileViewController.swift */; };
		4B9113FB271719AF00841927 /* CalendarViewController.swift in Sources */ = {isa = PBXBuildFile; fileRef = 4B9113FA271719AF00841927 /* CalendarViewController.swift */; };
		4B9113FD27171A7500841927 /* SubscriptionsViewController.swift in Sources */ = {isa = PBXBuildFile; fileRef = 4B9113FC27171A7500841927 /* SubscriptionsViewController.swift */; };
		4B9113FF27171BD900841927 /* ToolMenuViewController.swift in Sources */ = {isa = PBXBuildFile; fileRef = 4B9113FE27171BD900841927 /* ToolMenuViewController.swift */; };
		4B91140227171E3B00841927 /* ErrorHandler.swift in Sources */ = {isa = PBXBuildFile; fileRef = 4B91140127171E3B00841927 /* ErrorHandler.swift */; };
		4B91140527196A5E00841927 /* PublicationData.swift in Sources */ = {isa = PBXBuildFile; fileRef = 4B91140427196A5E00841927 /* PublicationData.swift */; };
		4B91140B271973FD00841927 /* HeaderView.xib in Resources */ = {isa = PBXBuildFile; fileRef = 4B91140A271973FD00841927 /* HeaderView.xib */; };
		4B91140D2719742300841927 /* HeaderView.swift in Sources */ = {isa = PBXBuildFile; fileRef = 4B91140C2719742300841927 /* HeaderView.swift */; };
		4B9114122719B65F00841927 /* ImageAPIController.swift in Sources */ = {isa = PBXBuildFile; fileRef = 4B9114112719B65F00841927 /* ImageAPIController.swift */; };
/* End PBXBuildFile section */

/* Begin PBXFileReference section */
		4B1B00602744FB7600D03BF2 /* DateExtension.swift */ = {isa = PBXFileReference; lastKnownFileType = sourcecode.swift; path = DateExtension.swift; sourceTree = "<group>"; };
		4B1B00622746310300D03BF2 /* Database.swift */ = {isa = PBXFileReference; lastKnownFileType = sourcecode.swift; path = Database.swift; sourceTree = "<group>"; };
		4B1B00662747CF6C00D03BF2 /* AddPublicationViewController.swift */ = {isa = PBXFileReference; lastKnownFileType = sourcecode.swift; path = AddPublicationViewController.swift; sourceTree = "<group>"; };
		4B36CDBE271DAC1C0091D229 /* CollectionViewCell.swift */ = {isa = PBXFileReference; lastKnownFileType = sourcecode.swift; path = CollectionViewCell.swift; sourceTree = "<group>"; };
		4B36CDBF271DAC1C0091D229 /* CollectionViewCell.xib */ = {isa = PBXFileReference; lastKnownFileType = file.xib; path = CollectionViewCell.xib; sourceTree = "<group>"; };
		4B36CDC2271EC3D10091D229 /* PublicationAPIController.swift */ = {isa = PBXFileReference; lastKnownFileType = sourcecode.swift; path = PublicationAPIController.swift; sourceTree = "<group>"; };
		4B36CDC6271EEB830091D229 /* PublicationTableViewCell.swift */ = {isa = PBXFileReference; lastKnownFileType = sourcecode.swift; path = PublicationTableViewCell.swift; sourceTree = "<group>"; };
		4B36CDC7271EEB830091D229 /* PublicationTableViewCell.xib */ = {isa = PBXFileReference; lastKnownFileType = file.xib; path = PublicationTableViewCell.xib; sourceTree = "<group>"; };
		4B4210DD27157C4700D5E809 /* PulseAPP.app */ = {isa = PBXFileReference; explicitFileType = wrapper.application; includeInIndex = 0; path = PulseAPP.app; sourceTree = BUILT_PRODUCTS_DIR; };
		4B4210E027157C4700D5E809 /* AppDelegate.swift */ = {isa = PBXFileReference; lastKnownFileType = sourcecode.swift; path = AppDelegate.swift; sourceTree = "<group>"; };
		4B4210E227157C4700D5E809 /* SceneDelegate.swift */ = {isa = PBXFileReference; lastKnownFileType = sourcecode.swift; path = SceneDelegate.swift; sourceTree = "<group>"; };
		4B4210E427157C4700D5E809 /* AuthFormViewController.swift */ = {isa = PBXFileReference; lastKnownFileType = sourcecode.swift; path = AuthFormViewController.swift; sourceTree = "<group>"; };
		4B4210E727157C4700D5E809 /* Base */ = {isa = PBXFileReference; lastKnownFileType = file.storyboard; name = Base; path = Base.lproj/Main.storyboard; sourceTree = "<group>"; };
		4B4210E927157C4900D5E809 /* Assets.xcassets */ = {isa = PBXFileReference; lastKnownFileType = folder.assetcatalog; path = Assets.xcassets; sourceTree = "<group>"; };
		4B4210EC27157C4900D5E809 /* Base */ = {isa = PBXFileReference; lastKnownFileType = file.storyboard; name = Base; path = Base.lproj/LaunchScreen.storyboard; sourceTree = "<group>"; };
		4B4210EE27157C4900D5E809 /* Info.plist */ = {isa = PBXFileReference; lastKnownFileType = text.plist.xml; path = Info.plist; sourceTree = "<group>"; };
		4B4210F42715953B00D5E809 /* RegistrationFormViewController.swift */ = {isa = PBXFileReference; lastKnownFileType = sourcecode.swift; path = RegistrationFormViewController.swift; sourceTree = "<group>"; };
		4B4210F62715A9D500D5E809 /* APIController.swift */ = {isa = PBXFileReference; lastKnownFileType = sourcecode.swift; path = APIController.swift; sourceTree = "<group>"; };
		4B4210F82715C59F00D5E809 /* VerificationFormViewController.swift */ = {isa = PBXFileReference; lastKnownFileType = sourcecode.swift; path = VerificationFormViewController.swift; sourceTree = "<group>"; };
		4B5510CF274B9D3800DE47BF /* CreatePublicationViewController.swift */ = {isa = PBXFileReference; lastKnownFileType = sourcecode.swift; path = CreatePublicationViewController.swift; sourceTree = "<group>"; };
		4B55111C274BCE7000DE47BF /* ImageAndDescriptionTableViewCell.swift */ = {isa = PBXFileReference; lastKnownFileType = sourcecode.swift; path = ImageAndDescriptionTableViewCell.swift; sourceTree = "<group>"; };
		4B55111D274BCE7000DE47BF /* ImageAndDescriptionTableViewCell.xib */ = {isa = PBXFileReference; lastKnownFileType = file.xib; path = ImageAndDescriptionTableViewCell.xib; sourceTree = "<group>"; };
		4B551120274CC3F400DE47BF /* ImageResizer.swift */ = {isa = PBXFileReference; lastKnownFileType = sourcecode.swift; path = ImageResizer.swift; sourceTree = "<group>"; };
		4B55CE952743EE78007152B3 /* ProfileSettingsViewController.swift */ = {isa = PBXFileReference; lastKnownFileType = sourcecode.swift; path = ProfileSettingsViewController.swift; sourceTree = "<group>"; };
		4B6F32302726CAC6008A8838 /* Localizable.strings */ = {isa = PBXFileReference; lastKnownFileType = text.plist.strings; path = Localizable.strings; sourceTree = "<group>"; };
		4B6F32322726CC09008A8838 /* ErrorData.swift */ = {isa = PBXFileReference; lastKnownFileType = sourcecode.swift; path = ErrorData.swift; sourceTree = "<group>"; };
		4B6F32352727DE6F008A8838 /* CountryViewController.swift */ = {isa = PBXFileReference; lastKnownFileType = sourcecode.swift; path = CountryViewController.swift; sourceTree = "<group>"; };
		4B6F32382727EFEA008A8838 /* CountriesData.swift */ = {isa = PBXFileReference; lastKnownFileType = sourcecode.swift; path = CountriesData.swift; sourceTree = "<group>"; };
		4B6F3261272835A0008A8838 /* PublicationType.swift */ = {isa = PBXFileReference; lastKnownFileType = sourcecode.swift; path = PublicationType.swift; sourceTree = "<group>"; };
		4B6F3262272835A0008A8838 /* User.swift */ = {isa = PBXFileReference; lastKnownFileType = sourcecode.swift; path = User.swift; sourceTree = "<group>"; };
		4B6F3263272835A0008A8838 /* UserPublication.swift */ = {isa = PBXFileReference; lastKnownFileType = sourcecode.swift; path = UserPublication.swift; sourceTree = "<group>"; };
		4B6F3264272835A1008A8838 /* PublicationCategories.swift */ = {isa = PBXFileReference; lastKnownFileType = sourcecode.swift; path = PublicationCategories.swift; sourceTree = "<group>"; };
		4B6F3265272835A1008A8838 /* Publication.swift */ = {isa = PBXFileReference; lastKnownFileType = sourcecode.swift; path = Publication.swift; sourceTree = "<group>"; };
		4B9113F22716B24700841927 /* UserData.swift */ = {isa = PBXFileReference; lastKnownFileType = sourcecode.swift; path = UserData.swift; sourceTree = "<group>"; };
		4B9113F42717086F00841927 /* MainGlobeTabBarController.swift */ = {isa = PBXFileReference; lastKnownFileType = sourcecode.swift; path = MainGlobeTabBarController.swift; sourceTree = "<group>"; };
		4B9113F62717153B00841927 /* MapViewController.swift */ = {isa = PBXFileReference; lastKnownFileType = sourcecode.swift; path = MapViewController.swift; sourceTree = "<group>"; };
		4B9113F82717157500841927 /* UserProfileViewController.swift */ = {isa = PBXFileReference; lastKnownFileType = sourcecode.swift; path = UserProfileViewController.swift; sourceTree = "<group>"; };
		4B9113FA271719AF00841927 /* CalendarViewController.swift */ = {isa = PBXFileReference; lastKnownFileType = sourcecode.swift; path = CalendarViewController.swift; sourceTree = "<group>"; };
		4B9113FC27171A7500841927 /* SubscriptionsViewController.swift */ = {isa = PBXFileReference; lastKnownFileType = sourcecode.swift; path = SubscriptionsViewController.swift; sourceTree = "<group>"; };
		4B9113FE27171BD900841927 /* ToolMenuViewController.swift */ = {isa = PBXFileReference; lastKnownFileType = sourcecode.swift; path = ToolMenuViewController.swift; sourceTree = "<group>"; };
		4B91140127171E3B00841927 /* ErrorHandler.swift */ = {isa = PBXFileReference; lastKnownFileType = sourcecode.swift; path = ErrorHandler.swift; sourceTree = "<group>"; };
		4B91140427196A5E00841927 /* PublicationData.swift */ = {isa = PBXFileReference; lastKnownFileType = sourcecode.swift; path = PublicationData.swift; sourceTree = "<group>"; };
		4B91140A271973FD00841927 /* HeaderView.xib */ = {isa = PBXFileReference; lastKnownFileType = file.xib; path = HeaderView.xib; sourceTree = "<group>"; };
		4B91140C2719742300841927 /* HeaderView.swift */ = {isa = PBXFileReference; lastKnownFileType = sourcecode.swift; path = HeaderView.swift; sourceTree = "<group>"; };
		4B9114112719B65F00841927 /* ImageAPIController.swift */ = {isa = PBXFileReference; lastKnownFileType = sourcecode.swift; path = ImageAPIController.swift; sourceTree = "<group>"; };
/* End PBXFileReference section */

/* Begin PBXFrameworksBuildPhase section */
		4B4210DA27157C4700D5E809 /* Frameworks */ = {
			isa = PBXFrameworksBuildPhase;
			buildActionMask = 2147483647;
			files = (
			);
			runOnlyForDeploymentPostprocessing = 0;
		};
/* End PBXFrameworksBuildPhase section */

/* Begin PBXGroup section */
		4B034916271FF0AE0004BD0B /* ErrorHandler */ = {
			isa = PBXGroup;
			children = (
				4B91140127171E3B00841927 /* ErrorHandler.swift */,
				4B6F32322726CC09008A8838 /* ErrorData.swift */,
			);
			path = ErrorHandler;
			sourceTree = "<group>";
		};
		4B1B00642746310C00D03BF2 /* Database */ = {
			isa = PBXGroup;
			children = (
				4B1B00622746310300D03BF2 /* Database.swift */,
			);
			path = Database;
			sourceTree = "<group>";
		};
		4B1B00652747CF3600D03BF2 /* MapTab */ = {
			isa = PBXGroup;
			children = (
				4B5510A6274B6FA300DE47BF /* AddPublication */,
				4B9113F62717153B00841927 /* MapViewController.swift */,
			);
			path = MapTab;
			sourceTree = "<group>";
		};
		4B36CDBD271DABDE0091D229 /* CollectionViewCell */ = {
			isa = PBXGroup;
			children = (
				4B36CDBE271DAC1C0091D229 /* CollectionViewCell.swift */,
				4B36CDBF271DAC1C0091D229 /* CollectionViewCell.xib */,
			);
			path = CollectionViewCell;
			sourceTree = "<group>";
		};
		4B36CDC5271EEB490091D229 /* PublicationTableViewCell */ = {
			isa = PBXGroup;
			children = (
				4B36CDC6271EEB830091D229 /* PublicationTableViewCell.swift */,
				4B36CDC7271EEB830091D229 /* PublicationTableViewCell.xib */,
			);
			path = PublicationTableViewCell;
			sourceTree = "<group>";
		};
		4B4210D427157C4700D5E809 = {
			isa = PBXGroup;
			children = (
				4B6F32302726CAC6008A8838 /* Localizable.strings */,
				4B4210DF27157C4700D5E809 /* PulseAPP */,
				4B4210DE27157C4700D5E809 /* Products */,
			);
			sourceTree = "<group>";
		};
		4B4210DE27157C4700D5E809 /* Products */ = {
			isa = PBXGroup;
			children = (
				4B4210DD27157C4700D5E809 /* PulseAPP.app */,
			);
			name = Products;
			sourceTree = "<group>";
		};
		4B4210DF27157C4700D5E809 /* PulseAPP */ = {
			isa = PBXGroup;
			children = (
				4B1B00652747CF3600D03BF2 /* MapTab */,
				4B1B00642746310C00D03BF2 /* Database */,
				4B034916271FF0AE0004BD0B /* ErrorHandler */,
				4B91140E2719B4B400841927 /* ImageController */,
				4B9113F12716B05400841927 /* UserAPIControllers */,
				4B91140327196A1500841927 /* PublicationAPIControllers */,
				4B4210E027157C4700D5E809 /* AppDelegate.swift */,
				4B4210E227157C4700D5E809 /* SceneDelegate.swift */,
				4B91140627196EC600841927 /* UserProfileTab */,
				4B4210E427157C4700D5E809 /* AuthFormViewController.swift */,
				4B6F32342727DE29008A8838 /* Registration */,
				4B4210E627157C4700D5E809 /* Main.storyboard */,
				4B9113FE27171BD900841927 /* ToolMenuViewController.swift */,
				4B9113FC27171A7500841927 /* SubscriptionsViewController.swift */,
				4B9113FA271719AF00841927 /* CalendarViewController.swift */,
				4B9113F42717086F00841927 /* MainGlobeTabBarController.swift */,
				4B4210E927157C4900D5E809 /* Assets.xcassets */,
				4B4210EB27157C4900D5E809 /* LaunchScreen.storyboard */,
				4B4210EE27157C4900D5E809 /* Info.plist */,
				4B1B00602744FB7600D03BF2 /* DateExtension.swift */,
			);
			path = PulseAPP;
			sourceTree = "<group>";
		};
		4B5510A6274B6FA300DE47BF /* AddPublication */ = {
			isa = PBXGroup;
			children = (
				4B1B00662747CF6C00D03BF2 /* AddPublicationViewController.swift */,
				4B55111B274BCD9800DE47BF /* CreatePublication */,
			);
			path = AddPublication;
			sourceTree = "<group>";
		};
		4B55111B274BCD9800DE47BF /* CreatePublication */ = {
			isa = PBXGroup;
			children = (
				4B5510CF274B9D3800DE47BF /* CreatePublicationViewController.swift */,
				4B55111C274BCE7000DE47BF /* ImageAndDescriptionTableViewCell.swift */,
				4B55111D274BCE7000DE47BF /* ImageAndDescriptionTableViewCell.xib */,
			);
			path = CreatePublication;
			sourceTree = "<group>";
		};
		4B6F32342727DE29008A8838 /* Registration */ = {
			isa = PBXGroup;
			children = (
				4B6F32372727EFCE008A8838 /* CountriesData */,
				4B4210F42715953B00D5E809 /* RegistrationFormViewController.swift */,
				4B4210F82715C59F00D5E809 /* VerificationFormViewController.swift */,
			);
			path = Registration;
			sourceTree = "<group>";
		};
		4B6F32372727EFCE008A8838 /* CountriesData */ = {
			isa = PBXGroup;
			children = (
				4B6F32352727DE6F008A8838 /* CountryViewController.swift */,
				4B6F32382727EFEA008A8838 /* CountriesData.swift */,
			);
			path = CountriesData;
			sourceTree = "<group>";
		};
		4B6F325E272834F3008A8838 /* PublicationData */ = {
			isa = PBXGroup;
			children = (
				4B6F3263272835A0008A8838 /* UserPublication.swift */,
				4B6F3265272835A1008A8838 /* Publication.swift */,
				4B6F3264272835A1008A8838 /* PublicationCategories.swift */,
				4B6F3261272835A0008A8838 /* PublicationType.swift */,
				4B6F3262272835A0008A8838 /* User.swift */,
				4B91140427196A5E00841927 /* PublicationData.swift */,
			);
			path = PublicationData;
			sourceTree = "<group>";
		};
		4B9113F12716B05400841927 /* UserAPIControllers */ = {
			isa = PBXGroup;
			children = (
				4B4210F62715A9D500D5E809 /* APIController.swift */,
				4B9113F22716B24700841927 /* UserData.swift */,
			);
			path = UserAPIControllers;
			sourceTree = "<group>";
		};
		4B91140327196A1500841927 /* PublicationAPIControllers */ = {
			isa = PBXGroup;
			children = (
				4B6F325E272834F3008A8838 /* PublicationData */,
				4B36CDC2271EC3D10091D229 /* PublicationAPIController.swift */,
			);
			path = PublicationAPIControllers;
			sourceTree = "<group>";
		};
		4B91140627196EC600841927 /* UserProfileTab */ = {
			isa = PBXGroup;
			children = (
				4B9113F82717157500841927 /* UserProfileViewController.swift */,
				4B55CE952743EE78007152B3 /* ProfileSettingsViewController.swift */,
				4B91140927196F9900841927 /* Header */,
				4B36CDC5271EEB490091D229 /* PublicationTableViewCell */,
				4B36CDBD271DABDE0091D229 /* CollectionViewCell */,
			);
			path = UserProfileTab;
			sourceTree = "<group>";
		};
		4B91140927196F9900841927 /* Header */ = {
			isa = PBXGroup;
			children = (
				4B91140A271973FD00841927 /* HeaderView.xib */,
				4B91140C2719742300841927 /* HeaderView.swift */,
			);
			path = Header;
			sourceTree = "<group>";
		};
		4B91140E2719B4B400841927 /* ImageController */ = {
			isa = PBXGroup;
			children = (
				4B9114112719B65F00841927 /* ImageAPIController.swift */,
				4B551120274CC3F400DE47BF /* ImageResizer.swift */,
			);
			path = ImageController;
			sourceTree = "<group>";
		};
/* End PBXGroup section */

/* Begin PBXNativeTarget section */
		4B4210DC27157C4700D5E809 /* PulseAPP */ = {
			isa = PBXNativeTarget;
			buildConfigurationList = 4B4210F127157C4900D5E809 /* Build configuration list for PBXNativeTarget "PulseAPP" */;
			buildPhases = (
				4B4210D927157C4700D5E809 /* Sources */,
				4B4210DA27157C4700D5E809 /* Frameworks */,
				4B4210DB27157C4700D5E809 /* Resources */,
			);
			buildRules = (
			);
			dependencies = (
			);
			name = PulseAPP;
			productName = PulseAPP;
			productReference = 4B4210DD27157C4700D5E809 /* PulseAPP.app */;
			productType = "com.apple.product-type.application";
		};
/* End PBXNativeTarget section */

/* Begin PBXProject section */
		4B4210D527157C4700D5E809 /* Project object */ = {
			isa = PBXProject;
			attributes = {
				BuildIndependentTargetsInParallel = 1;
				LastSwiftUpdateCheck = 1300;
				LastUpgradeCheck = 1300;
				TargetAttributes = {
					4B4210DC27157C4700D5E809 = {
						CreatedOnToolsVersion = 13.0;
					};
				};
			};
			buildConfigurationList = 4B4210D827157C4700D5E809 /* Build configuration list for PBXProject "PulseAPP" */;
			compatibilityVersion = "Xcode 13.0";
			developmentRegion = en;
			hasScannedForEncodings = 0;
			knownRegions = (
				en,
				Base,
			);
			mainGroup = 4B4210D427157C4700D5E809;
			productRefGroup = 4B4210DE27157C4700D5E809 /* Products */;
			projectDirPath = "";
			projectRoot = "";
			targets = (
				4B4210DC27157C4700D5E809 /* PulseAPP */,
			);
		};
/* End PBXProject section */

/* Begin PBXResourcesBuildPhase section */
		4B4210DB27157C4700D5E809 /* Resources */ = {
			isa = PBXResourcesBuildPhase;
			buildActionMask = 2147483647;
			files = (
				4B36CDC9271EEB830091D229 /* PublicationTableViewCell.xib in Resources */,
				4B4210ED27157C4900D5E809 /* LaunchScreen.storyboard in Resources */,
				4B55111F274BCE7000DE47BF /* ImageAndDescriptionTableViewCell.xib in Resources */,
				4B4210EA27157C4900D5E809 /* Assets.xcassets in Resources */,
				4B6F32312726CAC6008A8838 /* Localizable.strings in Resources */,
				4B4210E827157C4700D5E809 /* Main.storyboard in Resources */,
				4B91140B271973FD00841927 /* HeaderView.xib in Resources */,
				4B36CDC1271DAC1C0091D229 /* CollectionViewCell.xib in Resources */,
			);
			runOnlyForDeploymentPostprocessing = 0;
		};
/* End PBXResourcesBuildPhase section */

/* Begin PBXSourcesBuildPhase section */
		4B4210D927157C4700D5E809 /* Sources */ = {
			isa = PBXSourcesBuildPhase;
			buildActionMask = 2147483647;
			files = (
				4B36CDC8271EEB830091D229 /* PublicationTableViewCell.swift in Sources */,
				4B1B00612744FB7600D03BF2 /* DateExtension.swift in Sources */,
				4B551121274CC3F400DE47BF /* ImageResizer.swift in Sources */,
				4B5510D0274B9D3800DE47BF /* CreatePublicationViewController.swift in Sources */,
				4B9113F52717086F00841927 /* MainGlobeTabBarController.swift in Sources */,
				4B91140227171E3B00841927 /* ErrorHandler.swift in Sources */,
				4B9113F92717157500841927 /* UserProfileViewController.swift in Sources */,
				4B36CDC3271EC3D10091D229 /* PublicationAPIController.swift in Sources */,
				4B6F3269272835A1008A8838 /* User.swift in Sources */,
				4B55CE962743EE78007152B3 /* ProfileSettingsViewController.swift in Sources */,
				4B6F3266272835A1008A8838 /* UserPublication.swift in Sources */,
				4B6F3268272835A1008A8838 /* PublicationType.swift in Sources */,
				4B9114122719B65F00841927 /* ImageAPIController.swift in Sources */,
				4B4210E527157C4700D5E809 /* AuthFormViewController.swift in Sources */,
				4B9113FF27171BD900841927 /* ToolMenuViewController.swift in Sources */,
				4B9113FB271719AF00841927 /* CalendarViewController.swift in Sources */,
				4B91140D2719742300841927 /* HeaderView.swift in Sources */,
				4B6F3267272835A1008A8838 /* PublicationCategories.swift in Sources */,
				4B6F326A272835A1008A8838 /* Publication.swift in Sources */,
				4B4210F52715953B00D5E809 /* RegistrationFormViewController.swift in Sources */,
				4B36CDC0271DAC1C0091D229 /* CollectionViewCell.swift in Sources */,
				4B9113FD27171A7500841927 /* SubscriptionsViewController.swift in Sources */,
				4B9113F32716B24800841927 /* UserData.swift in Sources */,
				4B6F32362727DE6F008A8838 /* CountryViewController.swift in Sources */,
				4B9113F72717153B00841927 /* MapViewController.swift in Sources */,
				4B4210E127157C4700D5E809 /* AppDelegate.swift in Sources */,
				4B6F32392727EFEA008A8838 /* CountriesData.swift in Sources */,
				4B4210F92715C59F00D5E809 /* VerificationFormViewController.swift in Sources */,
				4B1B00632746310300D03BF2 /* Database.swift in Sources */,
				4B1B00672747CF6C00D03BF2 /* AddPublicationViewController.swift in Sources */,
				4B91140527196A5E00841927 /* PublicationData.swift in Sources */,
				4B6F32332726CC09008A8838 /* ErrorData.swift in Sources */,
				4B4210E327157C4700D5E809 /* SceneDelegate.swift in Sources */,
				4B55111E274BCE7000DE47BF /* ImageAndDescriptionTableViewCell.swift in Sources */,
				4B4210F72715A9D500D5E809 /* APIController.swift in Sources */,
			);
			runOnlyForDeploymentPostprocessing = 0;
		};
/* End PBXSourcesBuildPhase section */

/* Begin PBXVariantGroup section */
		4B4210E627157C4700D5E809 /* Main.storyboard */ = {
			isa = PBXVariantGroup;
			children = (
				4B4210E727157C4700D5E809 /* Base */,
			);
			name = Main.storyboard;
			sourceTree = "<group>";
		};
		4B4210EB27157C4900D5E809 /* LaunchScreen.storyboard */ = {
			isa = PBXVariantGroup;
			children = (
				4B4210EC27157C4900D5E809 /* Base */,
			);
			name = LaunchScreen.storyboard;
			sourceTree = "<group>";
		};
/* End PBXVariantGroup section */

/* Begin XCBuildConfiguration section */
		4B4210EF27157C4900D5E809 /* Debug */ = {
			isa = XCBuildConfiguration;
			buildSettings = {
				ALWAYS_SEARCH_USER_PATHS = NO;
				CLANG_ANALYZER_NONNULL = YES;
				CLANG_ANALYZER_NUMBER_OBJECT_CONVERSION = YES_AGGRESSIVE;
				CLANG_CXX_LANGUAGE_STANDARD = "gnu++17";
				CLANG_CXX_LIBRARY = "libc++";
				CLANG_ENABLE_MODULES = YES;
				CLANG_ENABLE_OBJC_ARC = YES;
				CLANG_ENABLE_OBJC_WEAK = YES;
				CLANG_WARN_BLOCK_CAPTURE_AUTORELEASING = YES;
				CLANG_WARN_BOOL_CONVERSION = YES;
				CLANG_WARN_COMMA = YES;
				CLANG_WARN_CONSTANT_CONVERSION = YES;
				CLANG_WARN_DEPRECATED_OBJC_IMPLEMENTATIONS = YES;
				CLANG_WARN_DIRECT_OBJC_ISA_USAGE = YES_ERROR;
				CLANG_WARN_DOCUMENTATION_COMMENTS = YES;
				CLANG_WARN_EMPTY_BODY = YES;
				CLANG_WARN_ENUM_CONVERSION = YES;
				CLANG_WARN_INFINITE_RECURSION = YES;
				CLANG_WARN_INT_CONVERSION = YES;
				CLANG_WARN_NON_LITERAL_NULL_CONVERSION = YES;
				CLANG_WARN_OBJC_IMPLICIT_RETAIN_SELF = YES;
				CLANG_WARN_OBJC_LITERAL_CONVERSION = YES;
				CLANG_WARN_OBJC_ROOT_CLASS = YES_ERROR;
				CLANG_WARN_QUOTED_INCLUDE_IN_FRAMEWORK_HEADER = YES;
				CLANG_WARN_RANGE_LOOP_ANALYSIS = YES;
				CLANG_WARN_STRICT_PROTOTYPES = YES;
				CLANG_WARN_SUSPICIOUS_MOVE = YES;
				CLANG_WARN_UNGUARDED_AVAILABILITY = YES_AGGRESSIVE;
				CLANG_WARN_UNREACHABLE_CODE = YES;
				CLANG_WARN__DUPLICATE_METHOD_MATCH = YES;
				COPY_PHASE_STRIP = NO;
				DEBUG_INFORMATION_FORMAT = dwarf;
				ENABLE_STRICT_OBJC_MSGSEND = YES;
				ENABLE_TESTABILITY = YES;
				GCC_C_LANGUAGE_STANDARD = gnu11;
				GCC_DYNAMIC_NO_PIC = NO;
				GCC_NO_COMMON_BLOCKS = YES;
				GCC_OPTIMIZATION_LEVEL = 0;
				GCC_PREPROCESSOR_DEFINITIONS = (
					"DEBUG=1",
					"$(inherited)",
				);
				GCC_WARN_64_TO_32_BIT_CONVERSION = YES;
				GCC_WARN_ABOUT_RETURN_TYPE = YES_ERROR;
				GCC_WARN_UNDECLARED_SELECTOR = YES;
				GCC_WARN_UNINITIALIZED_AUTOS = YES_AGGRESSIVE;
				GCC_WARN_UNUSED_FUNCTION = YES;
				GCC_WARN_UNUSED_VARIABLE = YES;
				IPHONEOS_DEPLOYMENT_TARGET = 15.0;
				MTL_ENABLE_DEBUG_INFO = INCLUDE_SOURCE;
				MTL_FAST_MATH = YES;
				ONLY_ACTIVE_ARCH = YES;
				SDKROOT = iphoneos;
				SWIFT_ACTIVE_COMPILATION_CONDITIONS = DEBUG;
				SWIFT_OPTIMIZATION_LEVEL = "-Onone";
			};
			name = Debug;
		};
		4B4210F027157C4900D5E809 /* Release */ = {
			isa = XCBuildConfiguration;
			buildSettings = {
				ALWAYS_SEARCH_USER_PATHS = NO;
				CLANG_ANALYZER_NONNULL = YES;
				CLANG_ANALYZER_NUMBER_OBJECT_CONVERSION = YES_AGGRESSIVE;
				CLANG_CXX_LANGUAGE_STANDARD = "gnu++17";
				CLANG_CXX_LIBRARY = "libc++";
				CLANG_ENABLE_MODULES = YES;
				CLANG_ENABLE_OBJC_ARC = YES;
				CLANG_ENABLE_OBJC_WEAK = YES;
				CLANG_WARN_BLOCK_CAPTURE_AUTORELEASING = YES;
				CLANG_WARN_BOOL_CONVERSION = YES;
				CLANG_WARN_COMMA = YES;
				CLANG_WARN_CONSTANT_CONVERSION = YES;
				CLANG_WARN_DEPRECATED_OBJC_IMPLEMENTATIONS = YES;
				CLANG_WARN_DIRECT_OBJC_ISA_USAGE = YES_ERROR;
				CLANG_WARN_DOCUMENTATION_COMMENTS = YES;
				CLANG_WARN_EMPTY_BODY = YES;
				CLANG_WARN_ENUM_CONVERSION = YES;
				CLANG_WARN_INFINITE_RECURSION = YES;
				CLANG_WARN_INT_CONVERSION = YES;
				CLANG_WARN_NON_LITERAL_NULL_CONVERSION = YES;
				CLANG_WARN_OBJC_IMPLICIT_RETAIN_SELF = YES;
				CLANG_WARN_OBJC_LITERAL_CONVERSION = YES;
				CLANG_WARN_OBJC_ROOT_CLASS = YES_ERROR;
				CLANG_WARN_QUOTED_INCLUDE_IN_FRAMEWORK_HEADER = YES;
				CLANG_WARN_RANGE_LOOP_ANALYSIS = YES;
				CLANG_WARN_STRICT_PROTOTYPES = YES;
				CLANG_WARN_SUSPICIOUS_MOVE = YES;
				CLANG_WARN_UNGUARDED_AVAILABILITY = YES_AGGRESSIVE;
				CLANG_WARN_UNREACHABLE_CODE = YES;
				CLANG_WARN__DUPLICATE_METHOD_MATCH = YES;
				COPY_PHASE_STRIP = NO;
				DEBUG_INFORMATION_FORMAT = "dwarf-with-dsym";
				ENABLE_NS_ASSERTIONS = NO;
				ENABLE_STRICT_OBJC_MSGSEND = YES;
				GCC_C_LANGUAGE_STANDARD = gnu11;
				GCC_NO_COMMON_BLOCKS = YES;
				GCC_WARN_64_TO_32_BIT_CONVERSION = YES;
				GCC_WARN_ABOUT_RETURN_TYPE = YES_ERROR;
				GCC_WARN_UNDECLARED_SELECTOR = YES;
				GCC_WARN_UNINITIALIZED_AUTOS = YES_AGGRESSIVE;
				GCC_WARN_UNUSED_FUNCTION = YES;
				GCC_WARN_UNUSED_VARIABLE = YES;
				IPHONEOS_DEPLOYMENT_TARGET = 15.0;
				MTL_ENABLE_DEBUG_INFO = NO;
				MTL_FAST_MATH = YES;
				SDKROOT = iphoneos;
				SWIFT_COMPILATION_MODE = wholemodule;
				SWIFT_OPTIMIZATION_LEVEL = "-O";
				VALIDATE_PRODUCT = YES;
			};
			name = Release;
		};
		4B4210F227157C4900D5E809 /* Debug */ = {
			isa = XCBuildConfiguration;
			buildSettings = {
				ASSETCATALOG_COMPILER_APPICON_NAME = AppIcon;
				ASSETCATALOG_COMPILER_GLOBAL_ACCENT_COLOR_NAME = AccentColor;
				CODE_SIGN_STYLE = Automatic;
				CURRENT_PROJECT_VERSION = 1;
				DEVELOPMENT_TEAM = 9ZFC28246W;
				GENERATE_INFOPLIST_FILE = YES;
				INFOPLIST_FILE = PulseAPP/Info.plist;
				INFOPLIST_KEY_UIApplicationSupportsIndirectInputEvents = YES;
				INFOPLIST_KEY_UILaunchStoryboardName = LaunchScreen;
				INFOPLIST_KEY_UIMainStoryboardFile = Main;
				INFOPLIST_KEY_UISupportedInterfaceOrientations_iPad = "UIInterfaceOrientationPortrait UIInterfaceOrientationPortraitUpsideDown UIInterfaceOrientationLandscapeLeft UIInterfaceOrientationLandscapeRight";
				INFOPLIST_KEY_UISupportedInterfaceOrientations_iPhone = "UIInterfaceOrientationPortrait UIInterfaceOrientationLandscapeLeft UIInterfaceOrientationLandscapeRight";
				LD_RUNPATH_SEARCH_PATHS = (
					"$(inherited)",
					"@executable_path/Frameworks",
				);
				MARKETING_VERSION = 1.0;
				PRODUCT_BUNDLE_IDENTIFIER = ru.poddubny.PulseAPP;
				PRODUCT_NAME = "$(TARGET_NAME)";
				SWIFT_EMIT_LOC_STRINGS = YES;
				SWIFT_VERSION = 5.0;
				TARGETED_DEVICE_FAMILY = "1,2";
			};
			name = Debug;
		};
		4B4210F327157C4900D5E809 /* Release */ = {
			isa = XCBuildConfiguration;
			buildSettings = {
				ASSETCATALOG_COMPILER_APPICON_NAME = AppIcon;
				ASSETCATALOG_COMPILER_GLOBAL_ACCENT_COLOR_NAME = AccentColor;
				CODE_SIGN_STYLE = Automatic;
				CURRENT_PROJECT_VERSION = 1;
				DEVELOPMENT_TEAM = 9ZFC28246W;
				GENERATE_INFOPLIST_FILE = YES;
				INFOPLIST_FILE = PulseAPP/Info.plist;
				INFOPLIST_KEY_UIApplicationSupportsIndirectInputEvents = YES;
				INFOPLIST_KEY_UILaunchStoryboardName = LaunchScreen;
				INFOPLIST_KEY_UIMainStoryboardFile = Main;
				INFOPLIST_KEY_UISupportedInterfaceOrientations_iPad = "UIInterfaceOrientationPortrait UIInterfaceOrientationPortraitUpsideDown UIInterfaceOrientationLandscapeLeft UIInterfaceOrientationLandscapeRight";
				INFOPLIST_KEY_UISupportedInterfaceOrientations_iPhone = "UIInterfaceOrientationPortrait UIInterfaceOrientationLandscapeLeft UIInterfaceOrientationLandscapeRight";
				LD_RUNPATH_SEARCH_PATHS = (
					"$(inherited)",
					"@executable_path/Frameworks",
				);
				MARKETING_VERSION = 1.0;
				PRODUCT_BUNDLE_IDENTIFIER = ru.poddubny.PulseAPP;
				PRODUCT_NAME = "$(TARGET_NAME)";
				SWIFT_EMIT_LOC_STRINGS = YES;
				SWIFT_VERSION = 5.0;
				TARGETED_DEVICE_FAMILY = "1,2";
			};
			name = Release;
		};
/* End XCBuildConfiguration section */

/* Begin XCConfigurationList section */
		4B4210D827157C4700D5E809 /* Build configuration list for PBXProject "PulseAPP" */ = {
			isa = XCConfigurationList;
			buildConfigurations = (
				4B4210EF27157C4900D5E809 /* Debug */,
				4B4210F027157C4900D5E809 /* Release */,
			);
			defaultConfigurationIsVisible = 0;
			defaultConfigurationName = Release;
		};
		4B4210F127157C4900D5E809 /* Build configuration list for PBXNativeTarget "PulseAPP" */ = {
			isa = XCConfigurationList;
			buildConfigurations = (
				4B4210F227157C4900D5E809 /* Debug */,
				4B4210F327157C4900D5E809 /* Release */,
			);
			defaultConfigurationIsVisible = 0;
			defaultConfigurationName = Release;
		};
/* End XCConfigurationList section */
	};
	rootObject = 4B4210D527157C4700D5E809 /* Project object */;
}
